
Microsoft Visual Studio Solution File, Format Version 12.00
# Visual Studio Version 16
VisualStudioVersion = 16.0.30804.86
MinimumVisualStudioVersion = 10.0.40219.1
Project("{FAE04EC0-301F-11D3-BF4B-00C04F79EFBC}") = "SAFWin", "SAFWin\SAFWin.csproj", "{95D24C34-E038-41C8-ACF9-9E1C85BCF110}"
EndProject
Global
	GlobalSection(SolutionConfigurationPlatforms) = preSolution
		Debug|Any CPU = Debug|Any CPU
		Release|Any CPU = Release|Any CPU
	EndGlobalSection
	GlobalSection(ProjectConfigurationPlatforms) = postSolution
		{95D24C34-E038-41C8-ACF9-9E1C85BCF110}.Debug|Any CPU.ActiveCfg = Debug|Any CPU
		{95D24C34-E038-41C8-ACF9-9E1C85BCF110}.Debug|Any CPU.Build.0 = Debug|Any CPU
		{95D24C34-E038-41C8-ACF9-9E1C85BCF110}.Release|Any CPU.ActiveCfg = Release|Any CPU
		{95D24C34-E038-41C8-ACF9-9E1C85BCF110}.Release|Any CPU.Build.0 = Release|Any CPU
	EndGlobalSection
	GlobalSection(SolutionProperties) = preSolution
		HideSolutionNode = FALSE
	EndGlobalSection
	GlobalSection(ExtensibilityGlobals) = postSolution
		SolutionGuid = {F92B77E5-1D4A-4A29-B333-199F95A7EF57}
	EndGlobalSection
EndGlobal
